
Microsoft Visual Studio Solution File, Format Version 12.00
# Visual Studio Version 17
VisualStudioVersion = 17.8.34525.116
MinimumVisualStudioVersion = 10.0.40219.1
Project("{FAE04EC0-301F-11D3-BF4B-00C04F79EFBC}") = "Sanmol_BookStore", "Sanmol_BookStore\Sanmol_BookStore.csproj", "{6480728A-44B6-4395-980C-F0B1F45BE121}"
EndProject
Project("{FAE04EC0-301F-11D3-BF4B-00C04F79EFBC}") = "Sanmol_BookStore_Models", "Sanmol_BookStore_Models\Sanmol_BookStore_Models.csproj", "{865D80FF-5C02-4116-A094-EEE382E8CB80}"
EndProject
Project("{FAE04EC0-301F-11D3-BF4B-00C04F79EFBC}") = "Sanmol_BookStore_Services", "Sanmol_BookStore_Services\Sanmol_BookStore_Services.csproj", "{7408CD44-606C-4371-BC86-A59DEEED5894}"
EndProject
Global
	GlobalSection(SolutionConfigurationPlatforms) = preSolution
		Debug|Any CPU = Debug|Any CPU
		Release|Any CPU = Release|Any CPU
	EndGlobalSection
	GlobalSection(ProjectConfigurationPlatforms) = postSolution
		{6480728A-44B6-4395-980C-F0B1F45BE121}.Debug|Any CPU.ActiveCfg = Debug|Any CPU
		{6480728A-44B6-4395-980C-F0B1F45BE121}.Debug|Any CPU.Build.0 = Debug|Any CPU
		{6480728A-44B6-4395-980C-F0B1F45BE121}.Release|Any CPU.ActiveCfg = Release|Any CPU
		{6480728A-44B6-4395-980C-F0B1F45BE121}.Release|Any CPU.Build.0 = Release|Any CPU
		{865D80FF-5C02-4116-A094-EEE382E8CB80}.Debug|Any CPU.ActiveCfg = Debug|Any CPU
		{865D80FF-5C02-4116-A094-EEE382E8CB80}.Debug|Any CPU.Build.0 = Debug|Any CPU
		{865D80FF-5C02-4116-A094-EEE382E8CB80}.Release|Any CPU.ActiveCfg = Release|Any CPU
		{865D80FF-5C02-4116-A094-EEE382E8CB80}.Release|Any CPU.Build.0 = Release|Any CPU
		{7408CD44-606C-4371-BC86-A59DEEED5894}.Debug|Any CPU.ActiveCfg = Debug|Any CPU
		{7408CD44-606C-4371-BC86-A59DEEED5894}.Debug|Any CPU.Build.0 = Debug|Any CPU
		{7408CD44-606C-4371-BC86-A59DEEED5894}.Release|Any CPU.ActiveCfg = Release|Any CPU
		{7408CD44-606C-4371-BC86-A59DEEED5894}.Release|Any CPU.Build.0 = Release|Any CPU
	EndGlobalSection
	GlobalSection(SolutionProperties) = preSolution
		HideSolutionNode = FALSE
	EndGlobalSection
	GlobalSection(ExtensibilityGlobals) = postSolution
		SolutionGuid = {726EE063-84EF-4DDE-B61D-385C86666AB1}
	EndGlobalSection
EndGlobal
